
Microsoft Visual Studio Solution File, Format Version 12.00
# Visual Studio Version 16
VisualStudioVersion = 16.0.31402.337
MinimumVisualStudioVersion = 10.0.40219.1
Project("{FAE04EC0-301F-11D3-BF4B-00C04F79EFBC}") = "SKJ_Mars_Rover", "SKJ_Mars_Rover\SKJ_Mars_Rover.csproj", "{72B5ED55-38FE-46CF-841C-62A47B60A66B}"
EndProject
Global
	GlobalSection(SolutionConfigurationPlatforms) = preSolution
		Debug|Any CPU = Debug|Any CPU
		Release|Any CPU = Release|Any CPU
	EndGlobalSection
	GlobalSection(ProjectConfigurationPlatforms) = postSolution
		{72B5ED55-38FE-46CF-841C-62A47B60A66B}.Debug|Any CPU.ActiveCfg = Debug|Any CPU
		{72B5ED55-38FE-46CF-841C-62A47B60A66B}.Debug|Any CPU.Build.0 = Debug|Any CPU
		{72B5ED55-38FE-46CF-841C-62A47B60A66B}.Release|Any CPU.ActiveCfg = Release|Any CPU
		{72B5ED55-38FE-46CF-841C-62A47B60A66B}.Release|Any CPU.Build.0 = Release|Any CPU
	EndGlobalSection
	GlobalSection(SolutionProperties) = preSolution
		HideSolutionNode = FALSE
	EndGlobalSection
	GlobalSection(ExtensibilityGlobals) = postSolution
		SolutionGuid = {C8156E45-B438-4370-88A1-62FE290EC56F}
	EndGlobalSection
EndGlobal
